
Microsoft Visual Studio Solution File, Format Version 12.00
# Visual Studio 15
VisualStudioVersion = 15.0.28010.2026
MinimumVisualStudioVersion = 10.0.40219.1
Project("{FAE04EC0-301F-11D3-BF4B-00C04F79EFBC}") = "TrackerLibrary", "TrackerLibrary\TrackerLibrary.csproj", "{3BFA3C0E-05A1-453F-807A-E9B5687F58D0}"
EndProject
Project("{FAE04EC0-301F-11D3-BF4B-00C04F79EFBC}") = "TrackerUI", "TrackerUI\TrackerUI.csproj", "{0B950930-52EC-4534-933D-0135BA7BF495}"
EndProject
Project("{FAE04EC0-301F-11D3-BF4B-00C04F79EFBC}") = "MVCUI", "MVCUI\MVCUI.csproj", "{EACA45DE-82CB-4200-A930-FF03D61A1278}"
EndProject
Project("{FAE04EC0-301F-11D3-BF4B-00C04F79EFBC}") = "WebUI", "WebUI\WebUI.csproj", "{FA93C6C1-2B8C-451E-9F2C-D472E621C068}"
EndProject
Global
	GlobalSection(SolutionConfigurationPlatforms) = preSolution
		Debug|Any CPU = Debug|Any CPU
		Debug|ARM = Debug|ARM
		Debug|x64 = Debug|x64
		Debug|x86 = Debug|x86
		Release|Any CPU = Release|Any CPU
		Release|ARM = Release|ARM
		Release|x64 = Release|x64
		Release|x86 = Release|x86
	EndGlobalSection
	GlobalSection(ProjectConfigurationPlatforms) = postSolution
		{3BFA3C0E-05A1-453F-807A-E9B5687F58D0}.Debug|Any CPU.ActiveCfg = Debug|Any CPU
		{3BFA3C0E-05A1-453F-807A-E9B5687F58D0}.Debug|Any CPU.Build.0 = Debug|Any CPU
		{3BFA3C0E-05A1-453F-807A-E9B5687F58D0}.Debug|ARM.ActiveCfg = Debug|Any CPU
		{3BFA3C0E-05A1-453F-807A-E9B5687F58D0}.Debug|ARM.Build.0 = Debug|Any CPU
		{3BFA3C0E-05A1-453F-807A-E9B5687F58D0}.Debug|x64.ActiveCfg = Debug|Any CPU
		{3BFA3C0E-05A1-453F-807A-E9B5687F58D0}.Debug|x64.Build.0 = Debug|Any CPU
		{3BFA3C0E-05A1-453F-807A-E9B5687F58D0}.Debug|x86.ActiveCfg = Debug|Any CPU
		{3BFA3C0E-05A1-453F-807A-E9B5687F58D0}.Debug|x86.Build.0 = Debug|Any CPU
		{3BFA3C0E-05A1-453F-807A-E9B5687F58D0}.Release|Any CPU.ActiveCfg = Release|Any CPU
		{3BFA3C0E-05A1-453F-807A-E9B5687F58D0}.Release|Any CPU.Build.0 = Release|Any CPU
		{3BFA3C0E-05A1-453F-807A-E9B5687F58D0}.Release|ARM.ActiveCfg = Release|Any CPU
		{3BFA3C0E-05A1-453F-807A-E9B5687F58D0}.Release|ARM.Build.0 = Release|Any CPU
		{3BFA3C0E-05A1-453F-807A-E9B5687F58D0}.Release|x64.ActiveCfg = Release|Any CPU
		{3BFA3C0E-05A1-453F-807A-E9B5687F58D0}.Release|x64.Build.0 = Release|Any CPU
		{3BFA3C0E-05A1-453F-807A-E9B5687F58D0}.Release|x86.ActiveCfg = Release|Any CPU
		{3BFA3C0E-05A1-453F-807A-E9B5687F58D0}.Release|x86.Build.0 = Release|Any CPU
		{0B950930-52EC-4534-933D-0135BA7BF495}.Debug|Any CPU.ActiveCfg = Debug|Any CPU
		{0B950930-52EC-4534-933D-0135BA7BF495}.Debug|Any CPU.Build.0 = Debug|Any CPU
		{0B950930-52EC-4534-933D-0135BA7BF495}.Debug|ARM.ActiveCfg = Debug|Any CPU
		{0B950930-52EC-4534-933D-0135BA7BF495}.Debug|ARM.Build.0 = Debug|Any CPU
		{0B950930-52EC-4534-933D-0135BA7BF495}.Debug|x64.ActiveCfg = Debug|Any CPU
		{0B950930-52EC-4534-933D-0135BA7BF495}.Debug|x64.Build.0 = Debug|Any CPU
		{0B950930-52EC-4534-933D-0135BA7BF495}.Debug|x86.ActiveCfg = Debug|Any CPU
		{0B950930-52EC-4534-933D-0135BA7BF495}.Debug|x86.Build.0 = Debug|Any CPU
		{0B950930-52EC-4534-933D-0135BA7BF495}.Release|Any CPU.ActiveCfg = Release|Any CPU
		{0B950930-52EC-4534-933D-0135BA7BF495}.Release|Any CPU.Build.0 = Release|Any CPU
		{0B950930-52EC-4534-933D-0135BA7BF495}.Release|ARM.ActiveCfg = Release|Any CPU
		{0B950930-52EC-4534-933D-0135BA7BF495}.Release|ARM.Build.0 = Release|Any CPU
		{0B950930-52EC-4534-933D-0135BA7BF495}.Release|x64.ActiveCfg = Release|Any CPU
		{0B950930-52EC-4534-933D-0135BA7BF495}.Release|x64.Build.0 = Release|Any CPU
		{0B950930-52EC-4534-933D-0135BA7BF495}.Release|x86.ActiveCfg = Release|Any CPU
		{0B950930-52EC-4534-933D-0135BA7BF495}.Release|x86.Build.0 = Release|Any CPU
		{EACA45DE-82CB-4200-A930-FF03D61A1278}.Debug|Any CPU.ActiveCfg = Debug|Any CPU
		{EACA45DE-82CB-4200-A930-FF03D61A1278}.Debug|Any CPU.Build.0 = Debug|Any CPU
		{EACA45DE-82CB-4200-A930-FF03D61A1278}.Debug|ARM.ActiveCfg = Debug|Any CPU
		{EACA45DE-82CB-4200-A930-FF03D61A1278}.Debug|ARM.Build.0 = Debug|Any CPU
		{EACA45DE-82CB-4200-A930-FF03D61A1278}.Debug|x64.ActiveCfg = Debug|Any CPU
		{EACA45DE-82CB-4200-A930-FF03D61A1278}.Debug|x64.Build.0 = Debug|Any CPU
		{EACA45DE-82CB-4200-A930-FF03D61A1278}.Debug|x86.ActiveCfg = Debug|Any CPU
		{EACA45DE-82CB-4200-A930-FF03D61A1278}.Debug|x86.Build.0 = Debug|Any CPU
		{EACA45DE-82CB-4200-A930-FF03D61A1278}.Release|Any CPU.ActiveCfg = Release|Any CPU
		{EACA45DE-82CB-4200-A930-FF03D61A1278}.Release|Any CPU.Build.0 = Release|Any CPU
		{EACA45DE-82CB-4200-A930-FF03D61A1278}.Release|ARM.ActiveCfg = Release|Any CPU
		{EACA45DE-82CB-4200-A930-FF03D61A1278}.Release|ARM.Build.0 = Release|Any CPU
		{EACA45DE-82CB-4200-A930-FF03D61A1278}.Release|x64.ActiveCfg = Release|Any CPU
		{EACA45DE-82CB-4200-A930-FF03D61A1278}.Release|x64.Build.0 = Release|Any CPU
		{EACA45DE-82CB-4200-A930-FF03D61A1278}.Release|x86.ActiveCfg = Release|Any CPU
		{EACA45DE-82CB-4200-A930-FF03D61A1278}.Release|x86.Build.0 = Release|Any CPU
		{FA93C6C1-2B8C-451E-9F2C-D472E621C068}.Debug|Any CPU.ActiveCfg = Debug|Any CPU
		{FA93C6C1-2B8C-451E-9F2C-D472E621C068}.Debug|Any CPU.Build.0 = Debug|Any CPU
		{FA93C6C1-2B8C-451E-9F2C-D472E621C068}.Debug|ARM.ActiveCfg = Debug|Any CPU
		{FA93C6C1-2B8C-451E-9F2C-D472E621C068}.Debug|ARM.Build.0 = Debug|Any CPU
		{FA93C6C1-2B8C-451E-9F2C-D472E621C068}.Debug|x64.ActiveCfg = Debug|Any CPU
		{FA93C6C1-2B8C-451E-9F2C-D472E621C068}.Debug|x64.Build.0 = Debug|Any CPU
		{FA93C6C1-2B8C-451E-9F2C-D472E621C068}.Debug|x86.ActiveCfg = Debug|Any CPU
		{FA93C6C1-2B8C-451E-9F2C-D472E621C068}.Debug|x86.Build.0 = Debug|Any CPU
		{FA93C6C1-2B8C-451E-9F2C-D472E621C068}.Release|Any CPU.ActiveCfg = Release|Any CPU
		{FA93C6C1-2B8C-451E-9F2C-D472E621C068}.Release|Any CPU.Build.0 = Release|Any CPU
		{FA93C6C1-2B8C-451E-9F2C-D472E621C068}.Release|ARM.ActiveCfg = Release|Any CPU
		{FA93C6C1-2B8C-451E-9F2C-D472E621C068}.Release|ARM.Build.0 = Release|Any CPU
		{FA93C6C1-2B8C-451E-9F2C-D472E621C068}.Release|x64.ActiveCfg = Release|Any CPU
		{FA93C6C1-2B8C-451E-9F2C-D472E621C068}.Release|x64.Build.0 = Release|Any CPU
		{FA93C6C1-2B8C-451E-9F2C-D472E621C068}.Release|x86.ActiveCfg = Release|Any CPU
		{FA93C6C1-2B8C-451E-9F2C-D472E621C068}.Release|x86.Build.0 = Release|Any CPU
	EndGlobalSection
	GlobalSection(SolutionProperties) = preSolution
		HideSolutionNode = FALSE
	EndGlobalSection
	GlobalSection(ExtensibilityGlobals) = postSolution
		SolutionGuid = {167D48BD-F04C-4005-A702-BB55768A431D}
	EndGlobalSection
EndGlobal
